// !$*UTF8*$!
{
	archiveVersion = 1;
	classes = {
	};
	objectVersion = 46;
	objects = {

/* Begin PBXBuildFile section */
		F01CF1C11A019690002011E4 /* main.cpp in Sources */ = {isa = PBXBuildFile; fileRef = F01CF1C01A019690002011E4 /* main.cpp */; };
		F01CF1C91A0196DF002011E4 /* Chrono.cpp in Sources */ = {isa = PBXBuildFile; fileRef = F01CF1C81A0196DF002011E4 /* Chrono.cpp */; };
/* End PBXBuildFile section */

/* Begin PBXCopyFilesBuildPhase section */
		F01CF1BB1A019690002011E4 /* CopyFiles */ = {
			isa = PBXCopyFilesBuildPhase;
			buildActionMask = 2147483647;
			dstPath = /usr/share/man/man1/;
			dstSubfolderSpec = 0;
			files = (
			);
			runOnlyForDeploymentPostprocessing = 1;
		};
/* End PBXCopyFilesBuildPhase section */

/* Begin PBXFileReference section */
		F01CF1BD1A019690002011E4 /* Chrono */ = {isa = PBXFileReference; explicitFileType = "compiled.mach-o.executable"; includeInIndex = 0; path = Chrono; sourceTree = BUILT_PRODUCTS_DIR; };
		F01CF1C01A019690002011E4 /* main.cpp */ = {isa = PBXFileReference; lastKnownFileType = sourcecode.cpp.cpp; path = main.cpp; sourceTree = "<group>"; };
		F01CF1C71A0196AB002011E4 /* Chrono.h */ = {isa = PBXFileReference; lastKnownFileType = sourcecode.c.h; path = Chrono.h; sourceTree = "<group>"; };
		F01CF1C81A0196DF002011E4 /* Chrono.cpp */ = {isa = PBXFileReference; fileEncoding = 4; lastKnownFileType = sourcecode.cpp.cpp; path = Chrono.cpp; sourceTree = "<group>"; };
/* End PBXFileReference section */

/* Begin PBXFrameworksBuildPhase section */
		F01CF1BA1A019690002011E4 /* Frameworks */ = {
			isa = PBXFrameworksBuildPhase;
			buildActionMask = 2147483647;
			files = (
			);
			runOnlyForDeploymentPostprocessing = 0;
		};
/* End PBXFrameworksBuildPhase section */

/* Begin PBXGroup section */
		F01CF1B41A019690002011E4 = {
			isa = PBXGroup;
			children = (
				F01CF1C71A0196AB002011E4 /* Chrono.h */,
				F01CF1C81A0196DF002011E4 /* Chrono.cpp */,
				F01CF1BF1A019690002011E4 /* Chrono */,
				F01CF1BE1A019690002011E4 /* Products */,
			);
			sourceTree = "<group>";
		};
		F01CF1BE1A019690002011E4 /* Products */ = {
			isa = PBXGroup;
			children = (
				F01CF1BD1A019690002011E4 /* Chrono */,
			);
			name = Products;
			sourceTree = "<group>";
		};
		F01CF1BF1A019690002011E4 /* Chrono */ = {
			isa = PBXGroup;
			children = (
				F01CF1C01A019690002011E4 /* main.cpp */,
			);
			path = Chrono;
			sourceTree = "<group>";
		};
/* End PBXGroup section */

/* Begin PBXNativeTarget section */
		F01CF1BC1A019690002011E4 /* Chrono */ = {
			isa = PBXNativeTarget;
			buildConfigurationList = F01CF1C41A019690002011E4 /* Build configuration list for PBXNativeTarget "Chrono" */;
			buildPhases = (
				F01CF1B91A019690002011E4 /* Sources */,
				F01CF1BA1A019690002011E4 /* Frameworks */,
				F01CF1BB1A019690002011E4 /* CopyFiles */,
			);
			buildRules = (
			);
			dependencies = (
			);
			name = Chrono;
			productName = Chrono;
			productReference = F01CF1BD1A019690002011E4 /* Chrono */;
			productType = "com.apple.product-type.tool";
		};
/* End PBXNativeTarget section */

/* Begin PBXProject section */
		F01CF1B51A019690002011E4 /* Project object */ = {
			isa = PBXProject;
			attributes = {
				LastUpgradeCheck = 0610;
				ORGANIZATIONNAME = Me;
				TargetAttributes = {
					F01CF1BC1A019690002011E4 = {
						CreatedOnToolsVersion = 6.1;
					};
				};
			};
			buildConfigurationList = F01CF1B81A019690002011E4 /* Build configuration list for PBXProject "Chrono" */;
			compatibilityVersion = "Xcode 3.2";
			developmentRegion = English;
			hasScannedForEncodings = 0;
			knownRegions = (
				en,
			);
			mainGroup = F01CF1B41A019690002011E4;
			productRefGroup = F01CF1BE1A019690002011E4 /* Products */;
			projectDirPath = "";
			projectRoot = "";
			targets = (
				F01CF1BC1A019690002011E4 /* Chrono */,
			);
		};
/* End PBXProject section */

/* Begin PBXSourcesBuildPhase section */
		F01CF1B91A019690002011E4 /* Sources */ = {
			isa = PBXSourcesBuildPhase;
			buildActionMask = 2147483647;
			files = (
				F01CF1C91A0196DF002011E4 /* Chrono.cpp in Sources */,
				F01CF1C11A019690002011E4 /* main.cpp in Sources */,
			);
			runOnlyForDeploymentPostprocessing = 0;
		};
/* End PBXSourcesBuildPhase section */

/* Begin XCBuildConfiguration section */
		F01CF1C21A019690002011E4 /* Debug */ = {
			isa = XCBuildConfiguration;
			buildSettings = {
				ALWAYS_SEARCH_USER_PATHS = NO;
				CLANG_CXX_LANGUAGE_STANDARD = "gnu++0x";
				CLANG_CXX_LIBRARY = "libc++";
				CLANG_ENABLE_MODULES = YES;
				CLANG_ENABLE_OBJC_ARC = YES;
				CLANG_WARN_BOOL_CONVERSION = YES;
				CLANG_WARN_CONSTANT_CONVERSION = YES;
				CLANG_WARN_DIRECT_OBJC_ISA_USAGE = YES_ERROR;
				CLANG_WARN_EMPTY_BODY = YES;
				CLANG_WARN_ENUM_CONVERSION = YES;
				CLANG_WARN_INT_CONVERSION = YES;
				CLANG_WARN_OBJC_ROOT_CLASS = YES_ERROR;
				CLANG_WARN_UNREACHABLE_CODE = YES;
				CLANG_WARN__DUPLICATE_METHOD_MATCH = YES;
				COPY_PHASE_STRIP = NO;
				ENABLE_STRICT_OBJC_MSGSEND = YES;
				GCC_C_LANGUAGE_STANDARD = gnu99;
				GCC_DYNAMIC_NO_PIC = NO;
				GCC_OPTIMIZATION_LEVEL = 0;
				GCC_PREPROCESSOR_DEFINITIONS = (
					"DEBUG=1",
					"$(inherited)",
				);
				GCC_SYMBOLS_PRIVATE_EXTERN = NO;
				GCC_WARN_64_TO_32_BIT_CONVERSION = YES;
				GCC_WARN_ABOUT_RETURN_TYPE = YES_ERROR;
				GCC_WARN_UNDECLARED_SELECTOR = YES;
				GCC_WARN_UNINITIALIZED_AUTOS = YES_AGGRESSIVE;
				GCC_WARN_UNUSED_FUNCTION = YES;
				GCC_WARN_UNUSED_VARIABLE = YES;
				MACOSX_DEPLOYMENT_TARGET = 10.10;
				MTL_ENABLE_DEBUG_INFO = YES;
				ONLY_ACTIVE_ARCH = YES;
				SDKROOT = macosx;
			};
			name = Debug;
		};
		F01CF1C31A019690002011E4 /* Release */ = {
			isa = XCBuildConfiguration;
			buildSettings = {
				ALWAYS_SEARCH_USER_PATHS = NO;
				CLANG_CXX_LANGUAGE_STANDARD = "gnu++0x";
				CLANG_CXX_LIBRARY = "libc++";
				CLANG_ENABLE_MODULES = YES;
				CLANG_ENABLE_OBJC_ARC = YES;
				CLANG_WARN_BOOL_CONVERSION = YES;
				CLANG_WARN_CONSTANT_CONVERSION = YES;
				CLANG_WARN_DIRECT_OBJC_ISA_USAGE = YES_ERROR;
				CLANG_WARN_EMPTY_BODY = YES;
				CLANG_WARN_ENUM_CONVERSION = YES;
				CLANG_WARN_INT_CONVERSION = YES;
				CLANG_WARN_OBJC_ROOT_CLASS = YES_ERROR;
				CLANG_WARN_UNREACHABLE_CODE = YES;
				CLANG_WARN__DUPLICATE_METHOD_MATCH = YES;
				COPY_PHASE_STRIP = YES;
				DEBUG_INFORMATION_FORMAT = "dwarf-with-dsym";
				ENABLE_NS_ASSERTIONS = NO;
				ENABLE_STRICT_OBJC_MSGSEND = YES;
				GCC_C_LANGUAGE_STANDARD = gnu99;
				GCC_WARN_64_TO_32_BIT_CONVERSION = YES;
				GCC_WARN_ABOUT_RETURN_TYPE = YES_ERROR;
				GCC_WARN_UNDECLARED_SELECTOR = YES;
				GCC_WARN_UNINITIALIZED_AUTOS = YES_AGGRESSIVE;
				GCC_WARN_UNUSED_FUNCTION = YES;
				GCC_WARN_UNUSED_VARIABLE = YES;
				MACOSX_DEPLOYMENT_TARGET = 10.10;
				MTL_ENABLE_DEBUG_INFO = NO;
				SDKROOT = macosx;
			};
			name = Release;
		};
		F01CF1C51A019690002011E4 /* Debug */ = {
			isa = XCBuildConfiguration;
			buildSettings = {
				PRODUCT_NAME = "$(TARGET_NAME)";
			};
			name = Debug;
		};
		F01CF1C61A019690002011E4 /* Release */ = {
			isa = XCBuildConfiguration;
			buildSettings = {
				PRODUCT_NAME = "$(TARGET_NAME)";
			};
			name = Release;
		};
/* End XCBuildConfiguration section */

/* Begin XCConfigurationList section */
		F01CF1B81A019690002011E4 /* Build configuration list for PBXProject "Chrono" */ = {
			isa = XCConfigurationList;
			buildConfigurations = (
				F01CF1C21A019690002011E4 /* Debug */,
				F01CF1C31A019690002011E4 /* Release */,
			);
			defaultConfigurationIsVisible = 0;
			defaultConfigurationName = Release;
		};
		F01CF1C41A019690002011E4 /* Build configuration list for PBXNativeTarget "Chrono" */ = {
			isa = XCConfigurationList;
			buildConfigurations = (
				F01CF1C51A019690002011E4 /* Debug */,
				F01CF1C61A019690002011E4 /* Release */,
			);
			defaultConfigurationIsVisible = 0;
		};
/* End XCConfigurationList section */
	};
	rootObject = F01CF1B51A019690002011E4 /* Project object */;
}
